// !$*UTF8*$!
{
	archiveVersion = 1;
	classes = {
	};
	objectVersion = 51;
	objects = {

/* Begin PBXBuildFile section */
		DF640D1C2464053B00667D63 /* AppCoordinator.swift in Sources */ = {isa = PBXBuildFile; fileRef = DF640D1B2464053B00667D63 /* AppCoordinator.swift */; };
		DF640D202464084600667D63 /* CitiesController.swift in Sources */ = {isa = PBXBuildFile; fileRef = DF640D1E2464084600667D63 /* CitiesController.swift */; };
		DF640D212464084600667D63 /* CitiesController.xib in Resources */ = {isa = PBXBuildFile; fileRef = DF640D1F2464084600667D63 /* CitiesController.xib */; };
		DF640D24246408A500667D63 /* WeatherService.swift in Sources */ = {isa = PBXBuildFile; fileRef = DF640D23246408A500667D63 /* WeatherService.swift */; };
		DF640D2C246408EC00667D63 /* Location.swift in Sources */ = {isa = PBXBuildFile; fileRef = DF640D26246408EB00667D63 /* Location.swift */; };
		DF640D2D246408EC00667D63 /* WeatherTimeBit.swift in Sources */ = {isa = PBXBuildFile; fileRef = DF640D27246408EC00667D63 /* WeatherTimeBit.swift */; };
		DF640D2E246408EC00667D63 /* HourlyWeather.swift in Sources */ = {isa = PBXBuildFile; fileRef = DF640D28246408EC00667D63 /* HourlyWeather.swift */; };
		DF640D2F246408EC00667D63 /* Weather.swift in Sources */ = {isa = PBXBuildFile; fileRef = DF640D29246408EC00667D63 /* Weather.swift */; };
		DF640D30246408EC00667D63 /* Forecast.swift in Sources */ = {isa = PBXBuildFile; fileRef = DF640D2A246408EC00667D63 /* Forecast.swift */; };
		DF640D3424640EFB00667D63 /* CitiesViewModel.swift in Sources */ = {isa = PBXBuildFile; fileRef = DF640D3324640EFB00667D63 /* CitiesViewModel.swift */; };
		DF640D382464144100667D63 /* CityCell.swift in Sources */ = {isa = PBXBuildFile; fileRef = DF640D362464144100667D63 /* CityCell.swift */; };
		DF640D392464144100667D63 /* CityCell.xib in Resources */ = {isa = PBXBuildFile; fileRef = DF640D372464144100667D63 /* CityCell.xib */; };
		DF640D3B246425EA00667D63 /* CityVM.swift in Sources */ = {isa = PBXBuildFile; fileRef = DF640D3A246425EA00667D63 /* CityVM.swift */; };
		DF640D3D24644A8200667D63 /* Date+Extension.swift in Sources */ = {isa = PBXBuildFile; fileRef = DF640D3C24644A8200667D63 /* Date+Extension.swift */; };
		DF689507246540F8004B8C36 /* HourlyCollectionView.xib in Resources */ = {isa = PBXBuildFile; fileRef = DF689506246540F8004B8C36 /* HourlyCollectionView.xib */; };
		DF6B36FC246710C900391DF8 /* UIImageExtensions.swift in Sources */ = {isa = PBXBuildFile; fileRef = DF6B36F6246710C800391DF8 /* UIImageExtensions.swift */; };
		DF6B36FD246710C900391DF8 /* UICollectionViewExtensions.swift in Sources */ = {isa = PBXBuildFile; fileRef = DF6B36F7246710C800391DF8 /* UICollectionViewExtensions.swift */; };
		DF6B36FE246710C900391DF8 /* UIButtonExtensions.swift in Sources */ = {isa = PBXBuildFile; fileRef = DF6B36F8246710C800391DF8 /* UIButtonExtensions.swift */; };
		DF6B36FF246710C900391DF8 /* UIViewExtensions.swift in Sources */ = {isa = PBXBuildFile; fileRef = DF6B36F9246710C800391DF8 /* UIViewExtensions.swift */; };
		DF6B3700246710C900391DF8 /* UIImageViewExtensions.swift in Sources */ = {isa = PBXBuildFile; fileRef = DF6B36FA246710C800391DF8 /* UIImageViewExtensions.swift */; };
		DF6B3701246710C900391DF8 /* UITableViewExtensions.swift in Sources */ = {isa = PBXBuildFile; fileRef = DF6B36FB246710C800391DF8 /* UITableViewExtensions.swift */; };
		DF6B37042467110F00391DF8 /* CarbonController.swift in Sources */ = {isa = PBXBuildFile; fileRef = DF6B37022467110F00391DF8 /* CarbonController.swift */; };
		DF97BB4A24637526003AAD44 /* AppDelegate.swift in Sources */ = {isa = PBXBuildFile; fileRef = DF97BB4924637526003AAD44 /* AppDelegate.swift */; };
		DF97BB4C24637526003AAD44 /* SceneDelegate.swift in Sources */ = {isa = PBXBuildFile; fileRef = DF97BB4B24637526003AAD44 /* SceneDelegate.swift */; };
		DF97BB5124637526003AAD44 /* Main.storyboard in Resources */ = {isa = PBXBuildFile; fileRef = DF97BB4F24637526003AAD44 /* Main.storyboard */; };
		DF97BB5324637527003AAD44 /* Assets.xcassets in Resources */ = {isa = PBXBuildFile; fileRef = DF97BB5224637527003AAD44 /* Assets.xcassets */; };
		DF97BB5624637527003AAD44 /* LaunchScreen.storyboard in Resources */ = {isa = PBXBuildFile; fileRef = DF97BB5424637527003AAD44 /* LaunchScreen.storyboard */; };
		DFEF7B122464AF330052510F /* DetailHeader.swift in Sources */ = {isa = PBXBuildFile; fileRef = DFEF7B112464AF330052510F /* DetailHeader.swift */; };
		DFEF7B142464AFBD0052510F /* NibLoadable.swift in Sources */ = {isa = PBXBuildFile; fileRef = DFEF7B132464AFBD0052510F /* NibLoadable.swift */; };
		DFEF7B172464B0C80052510F /* ForecastCell.swift in Sources */ = {isa = PBXBuildFile; fileRef = DFEF7B162464B0C80052510F /* ForecastCell.swift */; };
		DFEF7B1A2464B12B0052510F /* ForcastHeader.swift in Sources */ = {isa = PBXBuildFile; fileRef = DFEF7B192464B12B0052510F /* ForcastHeader.swift */; };
		DFEF7B202464B4940052510F /* HourlyCollectionView.swift in Sources */ = {isa = PBXBuildFile; fileRef = DFEF7B1F2464B4940052510F /* HourlyCollectionView.swift */; };
		DFEF7B232464B7F30052510F /* HourCell.swift in Sources */ = {isa = PBXBuildFile; fileRef = DFEF7B212464B7F30052510F /* HourCell.swift */; };
		DFEF7B242464B7F30052510F /* HourCell.xib in Resources */ = {isa = PBXBuildFile; fileRef = DFEF7B222464B7F30052510F /* HourCell.xib */; };
		DFEF7B262464B89E0052510F /* DetailHeader.xib in Resources */ = {isa = PBXBuildFile; fileRef = DFEF7B252464B89E0052510F /* DetailHeader.xib */; };
		DFEF7B282464B8DB0052510F /* ForecastCell.xib in Resources */ = {isa = PBXBuildFile; fileRef = DFEF7B272464B8DB0052510F /* ForecastCell.xib */; };
		DFEF7B2A2464B91C0052510F /* ForcastHeader.xib in Resources */ = {isa = PBXBuildFile; fileRef = DFEF7B292464B91C0052510F /* ForcastHeader.xib */; };
		FDB1022B760D27B1A998440F /* Pods_DemoWeather.framework in Frameworks */ = {isa = PBXBuildFile; fileRef = F24BA2CCB1EACA16BC5C5CCE /* Pods_DemoWeather.framework */; };
/* End PBXBuildFile section */

/* Begin PBXFileReference section */
		1A54C133AA74346E126C8B5D /* Pods-DemoWeather.release.xcconfig */ = {isa = PBXFileReference; includeInIndex = 1; lastKnownFileType = text.xcconfig; name = "Pods-DemoWeather.release.xcconfig"; path = "Target Support Files/Pods-DemoWeather/Pods-DemoWeather.release.xcconfig"; sourceTree = "<group>"; };
		54F2E8305931D0C29357764D /* Pods-DemoWeather.debug.xcconfig */ = {isa = PBXFileReference; includeInIndex = 1; lastKnownFileType = text.xcconfig; name = "Pods-DemoWeather.debug.xcconfig"; path = "Target Support Files/Pods-DemoWeather/Pods-DemoWeather.debug.xcconfig"; sourceTree = "<group>"; };
		DF640D1B2464053B00667D63 /* AppCoordinator.swift */ = {isa = PBXFileReference; lastKnownFileType = sourcecode.swift; path = AppCoordinator.swift; sourceTree = "<group>"; };
		DF640D1E2464084600667D63 /* CitiesController.swift */ = {isa = PBXFileReference; lastKnownFileType = sourcecode.swift; path = CitiesController.swift; sourceTree = "<group>"; };
		DF640D1F2464084600667D63 /* CitiesController.xib */ = {isa = PBXFileReference; lastKnownFileType = file.xib; path = CitiesController.xib; sourceTree = "<group>"; };
		DF640D23246408A500667D63 /* WeatherService.swift */ = {isa = PBXFileReference; lastKnownFileType = sourcecode.swift; path = WeatherService.swift; sourceTree = "<group>"; };
		DF640D26246408EB00667D63 /* Location.swift */ = {isa = PBXFileReference; fileEncoding = 4; lastKnownFileType = sourcecode.swift; path = Location.swift; sourceTree = "<group>"; };
		DF640D27246408EC00667D63 /* WeatherTimeBit.swift */ = {isa = PBXFileReference; fileEncoding = 4; lastKnownFileType = sourcecode.swift; path = WeatherTimeBit.swift; sourceTree = "<group>"; };
		DF640D28246408EC00667D63 /* HourlyWeather.swift */ = {isa = PBXFileReference; fileEncoding = 4; lastKnownFileType = sourcecode.swift; path = HourlyWeather.swift; sourceTree = "<group>"; };
		DF640D29246408EC00667D63 /* Weather.swift */ = {isa = PBXFileReference; fileEncoding = 4; lastKnownFileType = sourcecode.swift; path = Weather.swift; sourceTree = "<group>"; };
		DF640D2A246408EC00667D63 /* Forecast.swift */ = {isa = PBXFileReference; fileEncoding = 4; lastKnownFileType = sourcecode.swift; path = Forecast.swift; sourceTree = "<group>"; };
		DF640D3324640EFB00667D63 /* CitiesViewModel.swift */ = {isa = PBXFileReference; lastKnownFileType = sourcecode.swift; path = CitiesViewModel.swift; sourceTree = "<group>"; };
		DF640D362464144100667D63 /* CityCell.swift */ = {isa = PBXFileReference; fileEncoding = 4; lastKnownFileType = sourcecode.swift; path = CityCell.swift; sourceTree = "<group>"; };
		DF640D372464144100667D63 /* CityCell.xib */ = {isa = PBXFileReference; fileEncoding = 4; lastKnownFileType = file.xib; path = CityCell.xib; sourceTree = "<group>"; };
		DF640D3A246425EA00667D63 /* CityVM.swift */ = {isa = PBXFileReference; lastKnownFileType = sourcecode.swift; path = CityVM.swift; sourceTree = "<group>"; };
		DF640D3C24644A8200667D63 /* Date+Extension.swift */ = {isa = PBXFileReference; lastKnownFileType = sourcecode.swift; path = "Date+Extension.swift"; sourceTree = "<group>"; };
		DF689506246540F8004B8C36 /* HourlyCollectionView.xib */ = {isa = PBXFileReference; lastKnownFileType = file.xib; path = HourlyCollectionView.xib; sourceTree = "<group>"; };
		DF6B36F6246710C800391DF8 /* UIImageExtensions.swift */ = {isa = PBXFileReference; fileEncoding = 4; lastKnownFileType = sourcecode.swift; path = UIImageExtensions.swift; sourceTree = "<group>"; };
		DF6B36F7246710C800391DF8 /* UICollectionViewExtensions.swift */ = {isa = PBXFileReference; fileEncoding = 4; lastKnownFileType = sourcecode.swift; path = UICollectionViewExtensions.swift; sourceTree = "<group>"; };
		DF6B36F8246710C800391DF8 /* UIButtonExtensions.swift */ = {isa = PBXFileReference; fileEncoding = 4; lastKnownFileType = sourcecode.swift; path = UIButtonExtensions.swift; sourceTree = "<group>"; };
		DF6B36F9246710C800391DF8 /* UIViewExtensions.swift */ = {isa = PBXFileReference; fileEncoding = 4; lastKnownFileType = sourcecode.swift; path = UIViewExtensions.swift; sourceTree = "<group>"; };
		DF6B36FA246710C800391DF8 /* UIImageViewExtensions.swift */ = {isa = PBXFileReference; fileEncoding = 4; lastKnownFileType = sourcecode.swift; path = UIImageViewExtensions.swift; sourceTree = "<group>"; };
		DF6B36FB246710C800391DF8 /* UITableViewExtensions.swift */ = {isa = PBXFileReference; fileEncoding = 4; lastKnownFileType = sourcecode.swift; path = UITableViewExtensions.swift; sourceTree = "<group>"; };
		DF6B37022467110F00391DF8 /* CarbonController.swift */ = {isa = PBXFileReference; lastKnownFileType = sourcecode.swift; path = CarbonController.swift; sourceTree = "<group>"; };
		DF97BB4624637526003AAD44 /* DemoWeather.app */ = {isa = PBXFileReference; explicitFileType = wrapper.application; includeInIndex = 0; path = DemoWeather.app; sourceTree = BUILT_PRODUCTS_DIR; };
		DF97BB4924637526003AAD44 /* AppDelegate.swift */ = {isa = PBXFileReference; lastKnownFileType = sourcecode.swift; path = AppDelegate.swift; sourceTree = "<group>"; };
		DF97BB4B24637526003AAD44 /* SceneDelegate.swift */ = {isa = PBXFileReference; lastKnownFileType = sourcecode.swift; path = SceneDelegate.swift; sourceTree = "<group>"; };
		DF97BB5024637526003AAD44 /* Base */ = {isa = PBXFileReference; lastKnownFileType = file.storyboard; name = Base; path = Base.lproj/Main.storyboard; sourceTree = "<group>"; };
		DF97BB5224637527003AAD44 /* Assets.xcassets */ = {isa = PBXFileReference; lastKnownFileType = folder.assetcatalog; path = Assets.xcassets; sourceTree = "<group>"; };
		DF97BB5524637527003AAD44 /* Base */ = {isa = PBXFileReference; lastKnownFileType = file.storyboard; name = Base; path = Base.lproj/LaunchScreen.storyboard; sourceTree = "<group>"; };
		DF97BB5724637527003AAD44 /* Info.plist */ = {isa = PBXFileReference; lastKnownFileType = text.plist.xml; path = Info.plist; sourceTree = "<group>"; };
		DFEF7B112464AF330052510F /* DetailHeader.swift */ = {isa = PBXFileReference; lastKnownFileType = sourcecode.swift; path = DetailHeader.swift; sourceTree = "<group>"; };
		DFEF7B132464AFBD0052510F /* NibLoadable.swift */ = {isa = PBXFileReference; lastKnownFileType = sourcecode.swift; path = NibLoadable.swift; sourceTree = "<group>"; };
		DFEF7B162464B0C80052510F /* ForecastCell.swift */ = {isa = PBXFileReference; lastKnownFileType = sourcecode.swift; path = ForecastCell.swift; sourceTree = "<group>"; };
		DFEF7B192464B12B0052510F /* ForcastHeader.swift */ = {isa = PBXFileReference; lastKnownFileType = sourcecode.swift; path = ForcastHeader.swift; sourceTree = "<group>"; };
		DFEF7B1F2464B4940052510F /* HourlyCollectionView.swift */ = {isa = PBXFileReference; lastKnownFileType = sourcecode.swift; path = HourlyCollectionView.swift; sourceTree = "<group>"; };
		DFEF7B212464B7F30052510F /* HourCell.swift */ = {isa = PBXFileReference; lastKnownFileType = sourcecode.swift; path = HourCell.swift; sourceTree = "<group>"; };
		DFEF7B222464B7F30052510F /* HourCell.xib */ = {isa = PBXFileReference; lastKnownFileType = file.xib; path = HourCell.xib; sourceTree = "<group>"; };
		DFEF7B252464B89E0052510F /* DetailHeader.xib */ = {isa = PBXFileReference; lastKnownFileType = file.xib; path = DetailHeader.xib; sourceTree = "<group>"; };
		DFEF7B272464B8DB0052510F /* ForecastCell.xib */ = {isa = PBXFileReference; lastKnownFileType = file.xib; path = ForecastCell.xib; sourceTree = "<group>"; };
		DFEF7B292464B91C0052510F /* ForcastHeader.xib */ = {isa = PBXFileReference; lastKnownFileType = file.xib; path = ForcastHeader.xib; sourceTree = "<group>"; };
		F24BA2CCB1EACA16BC5C5CCE /* Pods_DemoWeather.framework */ = {isa = PBXFileReference; explicitFileType = wrapper.framework; includeInIndex = 0; path = Pods_DemoWeather.framework; sourceTree = BUILT_PRODUCTS_DIR; };
/* End PBXFileReference section */

/* Begin PBXFrameworksBuildPhase section */
		DF97BB4324637526003AAD44 /* Frameworks */ = {
			isa = PBXFrameworksBuildPhase;
			buildActionMask = 2147483647;
			files = (
				FDB1022B760D27B1A998440F /* Pods_DemoWeather.framework in Frameworks */,
			);
			runOnlyForDeploymentPostprocessing = 0;
		};
/* End PBXFrameworksBuildPhase section */

/* Begin PBXGroup section */
		A273C158A080273E7B01034E /* Pods */ = {
			isa = PBXGroup;
			children = (
				54F2E8305931D0C29357764D /* Pods-DemoWeather.debug.xcconfig */,
				1A54C133AA74346E126C8B5D /* Pods-DemoWeather.release.xcconfig */,
			);
			path = Pods;
			sourceTree = "<group>";
		};
		D4E0BF5E9979BA6A57ED1DB3 /* Frameworks */ = {
			isa = PBXGroup;
			children = (
				F24BA2CCB1EACA16BC5C5CCE /* Pods_DemoWeather.framework */,
			);
			name = Frameworks;
			sourceTree = "<group>";
		};
		DF640D1A2464052C00667D63 /* Coordinator */ = {
			isa = PBXGroup;
			children = (
				DF640D1B2464053B00667D63 /* AppCoordinator.swift */,
			);
			path = Coordinator;
			sourceTree = "<group>";
		};
		DF640D1D2464083400667D63 /* VCs */ = {
			isa = PBXGroup;
			children = (
				DF640D3E24644ED700667D63 /* City */,
			);
			path = VCs;
			sourceTree = "<group>";
		};
		DF640D222464089A00667D63 /* Weather Service */ = {
			isa = PBXGroup;
			children = (
				DF640D23246408A500667D63 /* WeatherService.swift */,
			);
			path = "Weather Service";
			sourceTree = "<group>";
		};
		DF640D25246408E500667D63 /* Classes */ = {
			isa = PBXGroup;
			children = (
				DF640D2A246408EC00667D63 /* Forecast.swift */,
				DF640D28246408EC00667D63 /* HourlyWeather.swift */,
				DF640D26246408EB00667D63 /* Location.swift */,
				DF640D29246408EC00667D63 /* Weather.swift */,
				DF640D27246408EC00667D63 /* WeatherTimeBit.swift */,
				DFEF7B132464AFBD0052510F /* NibLoadable.swift */,
			);
			path = Classes;
			sourceTree = "<group>";
		};
		DF640D3224640EEF00667D63 /* VM */ = {
			isa = PBXGroup;
			children = (
				DF640D3324640EFB00667D63 /* CitiesViewModel.swift */,
				DF640D3A246425EA00667D63 /* CityVM.swift */,
			);
			path = VM;
			sourceTree = "<group>";
		};
		DF640D352464142F00667D63 /* Cell */ = {
			isa = PBXGroup;
			children = (
				DF640D362464144100667D63 /* CityCell.swift */,
				DF640D372464144100667D63 /* CityCell.xib */,
			);
			path = Cell;
			sourceTree = "<group>";
		};
		DF640D3E24644ED700667D63 /* City */ = {
			isa = PBXGroup;
			children = (
				DF640D352464142F00667D63 /* Cell */,
				DF640D1E2464084600667D63 /* CitiesController.swift */,
				DF640D1F2464084600667D63 /* CitiesController.xib */,
			);
			path = City;
			sourceTree = "<group>";
		};
		DF6B36F424670FD000391DF8 /* Rerources */ = {
			isa = PBXGroup;
			children = (
				DF640D3C24644A8200667D63 /* Date+Extension.swift */,
				DF6B36F8246710C800391DF8 /* UIButtonExtensions.swift */,
				DF6B36F7246710C800391DF8 /* UICollectionViewExtensions.swift */,
				DF6B36F6246710C800391DF8 /* UIImageExtensions.swift */,
				DF6B36FA246710C800391DF8 /* UIImageViewExtensions.swift */,
				DF6B36FB246710C800391DF8 /* UITableViewExtensions.swift */,
				DF6B36F9246710C800391DF8 /* UIViewExtensions.swift */,
			);
			path = Rerources;
			sourceTree = "<group>";
		};
		DF6B36F524670FFB00391DF8 /* Carbon Template */ = {
			isa = PBXGroup;
			children = (
				DF6B37022467110F00391DF8 /* CarbonController.swift */,
			);
			path = "Carbon Template";
			sourceTree = "<group>";
		};
		DF6B37062467112000391DF8 /* UI Carbon Components */ = {
			isa = PBXGroup;
			children = (
				DFEF7B1E2464B4760052510F /* HourlyCollectionView */,
				DFEF7B182464B1180052510F /* Forecast Header */,
				DFEF7B152464B04D0052510F /* Forecast Cell */,
				DFEF7B102464A0570052510F /* DetailBitHeader */,
			);
			path = "UI Carbon Components";
			sourceTree = "<group>";
		};
		DF97BB3D24637526003AAD44 = {
			isa = PBXGroup;
			children = (
				DF97BB4824637526003AAD44 /* DemoWeather */,
				DF97BB4724637526003AAD44 /* Products */,
				A273C158A080273E7B01034E /* Pods */,
				D4E0BF5E9979BA6A57ED1DB3 /* Frameworks */,
			);
			sourceTree = "<group>";
		};
		DF97BB4724637526003AAD44 /* Products */ = {
			isa = PBXGroup;
			children = (
				DF97BB4624637526003AAD44 /* DemoWeather.app */,
			);
			name = Products;
			sourceTree = "<group>";
		};
		DF97BB4824637526003AAD44 /* DemoWeather */ = {
			isa = PBXGroup;
			children = (
				DF6B36F424670FD000391DF8 /* Rerources */,
				DFEF7B0F2464A0370052510F /* Carbon Components */,
				DF640D3224640EEF00667D63 /* VM */,
				DF640D25246408E500667D63 /* Classes */,
				DF640D222464089A00667D63 /* Weather Service */,
				DF640D1D2464083400667D63 /* VCs */,
				DF640D1A2464052C00667D63 /* Coordinator */,
				DF97BB4924637526003AAD44 /* AppDelegate.swift */,
				DF97BB4B24637526003AAD44 /* SceneDelegate.swift */,
				DF97BB4F24637526003AAD44 /* Main.storyboard */,
				DF97BB5224637527003AAD44 /* Assets.xcassets */,
				DF97BB5424637527003AAD44 /* LaunchScreen.storyboard */,
				DF97BB5724637527003AAD44 /* Info.plist */,
			);
			path = DemoWeather;
			sourceTree = "<group>";
		};
		DFEF7B0F2464A0370052510F /* Carbon Components */ = {
			isa = PBXGroup;
			children = (
				DF6B36F524670FFB00391DF8 /* Carbon Template */,
				DF6B37062467112000391DF8 /* UI Carbon Components */,
			);
			path = "Carbon Components";
			sourceTree = "<group>";
		};
		DFEF7B102464A0570052510F /* DetailBitHeader */ = {
			isa = PBXGroup;
			children = (
				DFEF7B112464AF330052510F /* DetailHeader.swift */,
				DFEF7B252464B89E0052510F /* DetailHeader.xib */,
			);
			path = DetailBitHeader;
			sourceTree = "<group>";
		};
		DFEF7B152464B04D0052510F /* Forecast Cell */ = {
			isa = PBXGroup;
			children = (
				DFEF7B162464B0C80052510F /* ForecastCell.swift */,
				DFEF7B272464B8DB0052510F /* ForecastCell.xib */,
			);
			path = "Forecast Cell";
			sourceTree = "<group>";
		};
		DFEF7B182464B1180052510F /* Forecast Header */ = {
			isa = PBXGroup;
			children = (
				DFEF7B192464B12B0052510F /* ForcastHeader.swift */,
				DFEF7B292464B91C0052510F /* ForcastHeader.xib */,
			);
			path = "Forecast Header";
			sourceTree = "<group>";
		};
		DFEF7B1E2464B4760052510F /* HourlyCollectionView */ = {
			isa = PBXGroup;
			children = (
				DFEF7B1F2464B4940052510F /* HourlyCollectionView.swift */,
				DF689506246540F8004B8C36 /* HourlyCollectionView.xib */,
				DFEF7B212464B7F30052510F /* HourCell.swift */,
				DFEF7B222464B7F30052510F /* HourCell.xib */,
			);
			path = HourlyCollectionView;
			sourceTree = "<group>";
		};
/* End PBXGroup section */

/* Begin PBXNativeTarget section */
		DF97BB4524637526003AAD44 /* DemoWeather */ = {
			isa = PBXNativeTarget;
			buildConfigurationList = DF97BB5A24637527003AAD44 /* Build configuration list for PBXNativeTarget "DemoWeather" */;
			buildPhases = (
				C03B308B00D25F380F812B05 /* [CP] Check Pods Manifest.lock */,
				DF97BB4224637526003AAD44 /* Sources */,
				DF97BB4324637526003AAD44 /* Frameworks */,
				DF97BB4424637526003AAD44 /* Resources */,
				5B0D8963302EEC46DBCBEC93 /* [CP] Embed Pods Frameworks */,
			);
			buildRules = (
			);
			dependencies = (
			);
			name = DemoWeather;
			productName = DemoWeather;
			productReference = DF97BB4624637526003AAD44 /* DemoWeather.app */;
			productType = "com.apple.product-type.application";
		};
/* End PBXNativeTarget section */

/* Begin PBXProject section */
		DF97BB3E24637526003AAD44 /* Project object */ = {
			isa = PBXProject;
			attributes = {
				LastSwiftUpdateCheck = 1140;
				LastUpgradeCheck = 1140;
				ORGANIZATIONNAME = Weatherapp;
				TargetAttributes = {
					DF97BB4524637526003AAD44 = {
						CreatedOnToolsVersion = 11.4.1;
					};
				};
			};
			buildConfigurationList = DF97BB4124637526003AAD44 /* Build configuration list for PBXProject "DemoWeather" */;
			compatibilityVersion = "Xcode 9.3";
			developmentRegion = en;
			hasScannedForEncodings = 0;
			knownRegions = (
				en,
				Base,
			);
			mainGroup = DF97BB3D24637526003AAD44;
			productRefGroup = DF97BB4724637526003AAD44 /* Products */;
			projectDirPath = "";
			projectRoot = "";
			targets = (
				DF97BB4524637526003AAD44 /* DemoWeather */,
			);
		};
/* End PBXProject section */

/* Begin PBXResourcesBuildPhase section */
		DF97BB4424637526003AAD44 /* Resources */ = {
			isa = PBXResourcesBuildPhase;
			buildActionMask = 2147483647;
			files = (
				DF97BB5624637527003AAD44 /* LaunchScreen.storyboard in Resources */,
				DF640D392464144100667D63 /* CityCell.xib in Resources */,
				DFEF7B242464B7F30052510F /* HourCell.xib in Resources */,
				DF97BB5324637527003AAD44 /* Assets.xcassets in Resources */,
				DFEF7B282464B8DB0052510F /* ForecastCell.xib in Resources */,
				DFEF7B262464B89E0052510F /* DetailHeader.xib in Resources */,
				DFEF7B2A2464B91C0052510F /* ForcastHeader.xib in Resources */,
				DF640D212464084600667D63 /* CitiesController.xib in Resources */,
				DF97BB5124637526003AAD44 /* Main.storyboard in Resources */,
				DF689507246540F8004B8C36 /* HourlyCollectionView.xib in Resources */,
			);
			runOnlyForDeploymentPostprocessing = 0;
		};
/* End PBXResourcesBuildPhase section */

/* Begin PBXShellScriptBuildPhase section */
		5B0D8963302EEC46DBCBEC93 /* [CP] Embed Pods Frameworks */ = {
			isa = PBXShellScriptBuildPhase;
			buildActionMask = 2147483647;
			files = (
			);
			inputFileListPaths = (
				"${PODS_ROOT}/Target Support Files/Pods-DemoWeather/Pods-DemoWeather-frameworks-${CONFIGURATION}-input-files.xcfilelist",
			);
			name = "[CP] Embed Pods Frameworks";
			outputFileListPaths = (
				"${PODS_ROOT}/Target Support Files/Pods-DemoWeather/Pods-DemoWeather-frameworks-${CONFIGURATION}-output-files.xcfilelist",
			);
			runOnlyForDeploymentPostprocessing = 0;
			shellPath = /bin/sh;
			shellScript = "\"${PODS_ROOT}/Target Support Files/Pods-DemoWeather/Pods-DemoWeather-frameworks.sh\"\n";
			showEnvVarsInLog = 0;
		};
		C03B308B00D25F380F812B05 /* [CP] Check Pods Manifest.lock */ = {
			isa = PBXShellScriptBuildPhase;
			buildActionMask = 2147483647;
			files = (
			);
			inputFileListPaths = (
			);
			inputPaths = (
				"${PODS_PODFILE_DIR_PATH}/Podfile.lock",
				"${PODS_ROOT}/Manifest.lock",
			);
			name = "[CP] Check Pods Manifest.lock";
			outputFileListPaths = (
			);
			outputPaths = (
				"$(DERIVED_FILE_DIR)/Pods-DemoWeather-checkManifestLockResult.txt",
			);
			runOnlyForDeploymentPostprocessing = 0;
			shellPath = /bin/sh;
			shellScript = "diff \"${PODS_PODFILE_DIR_PATH}/Podfile.lock\" \"${PODS_ROOT}/Manifest.lock\" > /dev/null\nif [ $? != 0 ] ; then\n    # print error to STDERR\n    echo \"error: The sandbox is not in sync with the Podfile.lock. Run 'pod install' or update your CocoaPods installation.\" >&2\n    exit 1\nfi\n# This output is used by Xcode 'outputs' to avoid re-running this script phase.\necho \"SUCCESS\" > \"${SCRIPT_OUTPUT_FILE_0}\"\n";
			showEnvVarsInLog = 0;
		};
/* End PBXShellScriptBuildPhase section */

/* Begin PBXSourcesBuildPhase section */
		DF97BB4224637526003AAD44 /* Sources */ = {
			isa = PBXSourcesBuildPhase;
			buildActionMask = 2147483647;
			files = (
				DF640D24246408A500667D63 /* WeatherService.swift in Sources */,
				DF6B36FC246710C900391DF8 /* UIImageExtensions.swift in Sources */,
				DFEF7B142464AFBD0052510F /* NibLoadable.swift in Sources */,
				DF640D2E246408EC00667D63 /* HourlyWeather.swift in Sources */,
				DF640D382464144100667D63 /* CityCell.swift in Sources */,
				DFEF7B1A2464B12B0052510F /* ForcastHeader.swift in Sources */,
				DF6B37042467110F00391DF8 /* CarbonController.swift in Sources */,
				DF6B3700246710C900391DF8 /* UIImageViewExtensions.swift in Sources */,
				DFEF7B172464B0C80052510F /* ForecastCell.swift in Sources */,
				DF640D1C2464053B00667D63 /* AppCoordinator.swift in Sources */,
				DFEF7B202464B4940052510F /* HourlyCollectionView.swift in Sources */,
				DF97BB4A24637526003AAD44 /* AppDelegate.swift in Sources */,
				DF640D30246408EC00667D63 /* Forecast.swift in Sources */,
				DF6B3701246710C900391DF8 /* UITableViewExtensions.swift in Sources */,
				DF640D3D24644A8200667D63 /* Date+Extension.swift in Sources */,
				DF640D2F246408EC00667D63 /* Weather.swift in Sources */,
				DF640D202464084600667D63 /* CitiesController.swift in Sources */,
				DFEF7B122464AF330052510F /* DetailHeader.swift in Sources */,
				DF640D2C246408EC00667D63 /* Location.swift in Sources */,
				DFEF7B232464B7F30052510F /* HourCell.swift in Sources */,
				DF640D3B246425EA00667D63 /* CityVM.swift in Sources */,
				DF640D2D246408EC00667D63 /* WeatherTimeBit.swift in Sources */,
				DF640D3424640EFB00667D63 /* CitiesViewModel.swift in Sources */,
				DF6B36FF246710C900391DF8 /* UIViewExtensions.swift in Sources */,
				DF6B36FE246710C900391DF8 /* UIButtonExtensions.swift in Sources */,
				DF6B36FD246710C900391DF8 /* UICollectionViewExtensions.swift in Sources */,
				DF97BB4C24637526003AAD44 /* SceneDelegate.swift in Sources */,
			);
			runOnlyForDeploymentPostprocessing = 0;
		};
/* End PBXSourcesBuildPhase section */

/* Begin PBXVariantGroup section */
		DF97BB4F24637526003AAD44 /* Main.storyboard */ = {
			isa = PBXVariantGroup;
			children = (
				DF97BB5024637526003AAD44 /* Base */,
			);
			name = Main.storyboard;
			sourceTree = "<group>";
		};
		DF97BB5424637527003AAD44 /* LaunchScreen.storyboard */ = {
			isa = PBXVariantGroup;
			children = (
				DF97BB5524637527003AAD44 /* Base */,
			);
			name = LaunchScreen.storyboard;
			sourceTree = "<group>";
		};
/* End PBXVariantGroup section */

/* Begin XCBuildConfiguration section */
		DF97BB5824637527003AAD44 /* Debug */ = {
			isa = XCBuildConfiguration;
			buildSettings = {
				ALWAYS_SEARCH_USER_PATHS = NO;
				CLANG_ANALYZER_NONNULL = YES;
				CLANG_ANALYZER_NUMBER_OBJECT_CONVERSION = YES_AGGRESSIVE;
				CLANG_CXX_LANGUAGE_STANDARD = "gnu++14";
				CLANG_CXX_LIBRARY = "libc++";
				CLANG_ENABLE_MODULES = YES;
				CLANG_ENABLE_OBJC_ARC = YES;
				CLANG_ENABLE_OBJC_WEAK = YES;
				CLANG_WARN_BLOCK_CAPTURE_AUTORELEASING = YES;
				CLANG_WARN_BOOL_CONVERSION = YES;
				CLANG_WARN_COMMA = YES;
				CLANG_WARN_CONSTANT_CONVERSION = YES;
				CLANG_WARN_DEPRECATED_OBJC_IMPLEMENTATIONS = YES;
				CLANG_WARN_DIRECT_OBJC_ISA_USAGE = YES_ERROR;
				CLANG_WARN_DOCUMENTATION_COMMENTS = YES;
				CLANG_WARN_EMPTY_BODY = YES;
				CLANG_WARN_ENUM_CONVERSION = YES;
				CLANG_WARN_INFINITE_RECURSION = YES;
				CLANG_WARN_INT_CONVERSION = YES;
				CLANG_WARN_NON_LITERAL_NULL_CONVERSION = YES;
				CLANG_WARN_OBJC_IMPLICIT_RETAIN_SELF = YES;
				CLANG_WARN_OBJC_LITERAL_CONVERSION = YES;
				CLANG_WARN_OBJC_ROOT_CLASS = YES_ERROR;
				CLANG_WARN_RANGE_LOOP_ANALYSIS = YES;
				CLANG_WARN_STRICT_PROTOTYPES = YES;
				CLANG_WARN_SUSPICIOUS_MOVE = YES;
				CLANG_WARN_UNGUARDED_AVAILABILITY = YES_AGGRESSIVE;
				CLANG_WARN_UNREACHABLE_CODE = YES;
				CLANG_WARN__DUPLICATE_METHOD_MATCH = YES;
				COPY_PHASE_STRIP = NO;
				DEBUG_INFORMATION_FORMAT = dwarf;
				ENABLE_STRICT_OBJC_MSGSEND = YES;
				ENABLE_TESTABILITY = YES;
				GCC_C_LANGUAGE_STANDARD = gnu11;
				GCC_DYNAMIC_NO_PIC = NO;
				GCC_NO_COMMON_BLOCKS = YES;
				GCC_OPTIMIZATION_LEVEL = 0;
				GCC_PREPROCESSOR_DEFINITIONS = (
					"DEBUG=1",
					"$(inherited)",
				);
				GCC_WARN_64_TO_32_BIT_CONVERSION = YES;
				GCC_WARN_ABOUT_RETURN_TYPE = YES_ERROR;
				GCC_WARN_UNDECLARED_SELECTOR = YES;
				GCC_WARN_UNINITIALIZED_AUTOS = YES_AGGRESSIVE;
				GCC_WARN_UNUSED_FUNCTION = YES;
				GCC_WARN_UNUSED_VARIABLE = YES;
				IPHONEOS_DEPLOYMENT_TARGET = 13.4;
				MTL_ENABLE_DEBUG_INFO = INCLUDE_SOURCE;
				MTL_FAST_MATH = YES;
				ONLY_ACTIVE_ARCH = YES;
				SDKROOT = iphoneos;
				SWIFT_ACTIVE_COMPILATION_CONDITIONS = DEBUG;
				SWIFT_OPTIMIZATION_LEVEL = "-Onone";
			};
			name = Debug;
		};
		DF97BB5924637527003AAD44 /* Release */ = {
			isa = XCBuildConfiguration;
			buildSettings = {
				ALWAYS_SEARCH_USER_PATHS = NO;
				CLANG_ANALYZER_NONNULL = YES;
				CLANG_ANALYZER_NUMBER_OBJECT_CONVERSION = YES_AGGRESSIVE;
				CLANG_CXX_LANGUAGE_STANDARD = "gnu++14";
				CLANG_CXX_LIBRARY = "libc++";
				CLANG_ENABLE_MODULES = YES;
				CLANG_ENABLE_OBJC_ARC = YES;
				CLANG_ENABLE_OBJC_WEAK = YES;
				CLANG_WARN_BLOCK_CAPTURE_AUTORELEASING = YES;
				CLANG_WARN_BOOL_CONVERSION = YES;
				CLANG_WARN_COMMA = YES;
				CLANG_WARN_CONSTANT_CONVERSION = YES;
				CLANG_WARN_DEPRECATED_OBJC_IMPLEMENTATIONS = YES;
				CLANG_WARN_DIRECT_OBJC_ISA_USAGE = YES_ERROR;
				CLANG_WARN_DOCUMENTATION_COMMENTS = YES;
				CLANG_WARN_EMPTY_BODY = YES;
				CLANG_WARN_ENUM_CONVERSION = YES;
				CLANG_WARN_INFINITE_RECURSION = YES;
				CLANG_WARN_INT_CONVERSION = YES;
				CLANG_WARN_NON_LITERAL_NULL_CONVERSION = YES;
				CLANG_WARN_OBJC_IMPLICIT_RETAIN_SELF = YES;
				CLANG_WARN_OBJC_LITERAL_CONVERSION = YES;
				CLANG_WARN_OBJC_ROOT_CLASS = YES_ERROR;
				CLANG_WARN_RANGE_LOOP_ANALYSIS = YES;
				CLANG_WARN_STRICT_PROTOTYPES = YES;
				CLANG_WARN_SUSPICIOUS_MOVE = YES;
				CLANG_WARN_UNGUARDED_AVAILABILITY = YES_AGGRESSIVE;
				CLANG_WARN_UNREACHABLE_CODE = YES;
				CLANG_WARN__DUPLICATE_METHOD_MATCH = YES;
				COPY_PHASE_STRIP = NO;
				DEBUG_INFORMATION_FORMAT = "dwarf-with-dsym";
				ENABLE_NS_ASSERTIONS = NO;
				ENABLE_STRICT_OBJC_MSGSEND = YES;
				GCC_C_LANGUAGE_STANDARD = gnu11;
				GCC_NO_COMMON_BLOCKS = YES;
				GCC_WARN_64_TO_32_BIT_CONVERSION = YES;
				GCC_WARN_ABOUT_RETURN_TYPE = YES_ERROR;
				GCC_WARN_UNDECLARED_SELECTOR = YES;
				GCC_WARN_UNINITIALIZED_AUTOS = YES_AGGRESSIVE;
				GCC_WARN_UNUSED_FUNCTION = YES;
				GCC_WARN_UNUSED_VARIABLE = YES;
				IPHONEOS_DEPLOYMENT_TARGET = 13.4;
				MTL_ENABLE_DEBUG_INFO = NO;
				MTL_FAST_MATH = YES;
				SDKROOT = iphoneos;
				SWIFT_COMPILATION_MODE = wholemodule;
				SWIFT_OPTIMIZATION_LEVEL = "-O";
				VALIDATE_PRODUCT = YES;
			};
			name = Release;
		};
		DF97BB5B24637527003AAD44 /* Debug */ = {
			isa = XCBuildConfiguration;
			baseConfigurationReference = 54F2E8305931D0C29357764D /* Pods-DemoWeather.debug.xcconfig */;
			buildSettings = {
				ASSETCATALOG_COMPILER_APPICON_NAME = AppIcon;
				CODE_SIGN_STYLE = Automatic;
				DEVELOPMENT_TEAM = 8KU4MH2LDV;
				INFOPLIST_FILE = DemoWeather/Info.plist;
				LD_RUNPATH_SEARCH_PATHS = (
					"$(inherited)",
					"@executable_path/Frameworks",
				);
				PRODUCT_BUNDLE_IDENTIFIER = iOS.English.DemoWeather;
				PRODUCT_NAME = "$(TARGET_NAME)";
				SWIFT_VERSION = 5.0;
				TARGETED_DEVICE_FAMILY = "1,2";
			};
			name = Debug;
		};
		DF97BB5C24637527003AAD44 /* Release */ = {
			isa = XCBuildConfiguration;
			baseConfigurationReference = 1A54C133AA74346E126C8B5D /* Pods-DemoWeather.release.xcconfig */;
			buildSettings = {
				ASSETCATALOG_COMPILER_APPICON_NAME = AppIcon;
				CODE_SIGN_STYLE = Automatic;
				DEVELOPMENT_TEAM = 8KU4MH2LDV;
				INFOPLIST_FILE = DemoWeather/Info.plist;
				LD_RUNPATH_SEARCH_PATHS = (
					"$(inherited)",
					"@executable_path/Frameworks",
				);
				PRODUCT_BUNDLE_IDENTIFIER = iOS.English.DemoWeather;
				PRODUCT_NAME = "$(TARGET_NAME)";
				SWIFT_VERSION = 5.0;
				TARGETED_DEVICE_FAMILY = "1,2";
			};
			name = Release;
		};
/* End XCBuildConfiguration section */

/* Begin XCConfigurationList section */
		DF97BB4124637526003AAD44 /* Build configuration list for PBXProject "DemoWeather" */ = {
			isa = XCConfigurationList;
			buildConfigurations = (
				DF97BB5824637527003AAD44 /* Debug */,
				DF97BB5924637527003AAD44 /* Release */,
			);
			defaultConfigurationIsVisible = 0;
			defaultConfigurationName = Release;
		};
		DF97BB5A24637527003AAD44 /* Build configuration list for PBXNativeTarget "DemoWeather" */ = {
			isa = XCConfigurationList;
			buildConfigurations = (
				DF97BB5B24637527003AAD44 /* Debug */,
				DF97BB5C24637527003AAD44 /* Release */,
			);
			defaultConfigurationIsVisible = 0;
			defaultConfigurationName = Release;
		};
/* End XCConfigurationList section */
	};
	rootObject = DF97BB3E24637526003AAD44 /* Project object */;
}
